# This file was autogenerated by Stack.
# You should not edit this file by hand.
# For more information, please see the documentation at:
#   https://docs.haskellstack.org/en/stable/topics/lock_files

packages:
- completed:
    hackage: ConsoleAsk-0.1.0.1@sha256:59f85fa207c0bc12fb56d0285e1e31550d40891c5c74e97b21bdf0ccfbd1887c,1415
    pantry-tree:
      sha256: d90a40ffb5546e41efd96de1802b42918588b1d0b10ae387699fa2b330dbc571
      size: 545
  original:
    hackage: ConsoleAsk-0.1.0.1
- completed:
    hackage: heredocs-r2-0.1.0.1@sha256:55b7590da700f74be5ab8f74339d9538111752738586a6fc856cbed5f3b1d19c,1804
    pantry-tree:
      sha256: 366d21634144370bade9c56738b5298944e47e1591fc2668d5047c8d01fb9f24
      size: 432
  original:
    hackage: heredocs-r2-0.1.0.1
snapshots:
- completed:
    sha256: e9b93acfb8aaf8ae4869050506553a963a8adba95748cd60356f9ffe64f03345
    size: 712232
    url: https://raw.githubusercontent.com/commercialhaskell/stackage-snapshots/master/nightly/2025/5/28.yaml
  original: nightly-2025-05-28
