# This file was autogenerated by Stack.
# You should not edit this file by hand.
# For more information, please see the documentation at:
#   https://docs.haskellstack.org/en/stable/topics/lock_files

packages:
- completed:
    commit: 4da0d98bf98b8e530e28427df98ef5331912a279
    git: https://github.com/t-sasaki915/ConsoleAsk
    name: ConsoleAsk
    pantry-tree:
      sha256: f15a9406c4eef8efd2cc408b10fcf0dabb1e6f80ed25b58de638d48664f9d472
      size: 763
    version: 1.0.0.0
  original:
    commit: 4da0d98bf98b8e530e28427df98ef5331912a279
    git: https://github.com/t-sasaki915/ConsoleAsk
- completed:
    commit: 4cbb2fbe7e2e8821b38fde94f7cdcde0620c0f17
    git: https://github.com/t-sasaki915/heredoc
    name: heredocs
    pantry-tree:
      sha256: d66eccbbb286d21eece90aa4c5f1af048a7f613ca707dc7ab1ac08ecb0e08918
      size: 471
    version: 0.2.1.1
  original:
    commit: 4cbb2fbe7e2e8821b38fde94f7cdcde0620c0f17
    git: https://github.com/t-sasaki915/heredoc
snapshots:
- completed:
    sha256: e9b93acfb8aaf8ae4869050506553a963a8adba95748cd60356f9ffe64f03345
    size: 712232
    url: https://raw.githubusercontent.com/commercialhaskell/stackage-snapshots/master/nightly/2025/5/28.yaml
  original: nightly-2025-05-28
